
Microsoft Visual Studio Solution File, Format Version 12.00
# Visual Studio Version 17
VisualStudioVersion = 17.5.33516.290
MinimumVisualStudioVersion = 10.0.40219.1
Project("{FAE04EC0-301F-11D3-BF4B-00C04F79EFBC}") = "firstProgram_WPF", "firstProgram_WPF\firstProgram_WPF.csproj", "{92CA7694-EAA1-467C-A9AC-E5EE05D06E33}"
EndProject
Global
	GlobalSection(SolutionConfigurationPlatforms) = preSolution
		Debug|Any CPU = Debug|Any CPU
		Release|Any CPU = Release|Any CPU
	EndGlobalSection
	GlobalSection(ProjectConfigurationPlatforms) = postSolution
		{92CA7694-EAA1-467C-A9AC-E5EE05D06E33}.Debug|Any CPU.ActiveCfg = Debug|Any CPU
		{92CA7694-EAA1-467C-A9AC-E5EE05D06E33}.Debug|Any CPU.Build.0 = Debug|Any CPU
		{92CA7694-EAA1-467C-A9AC-E5EE05D06E33}.Release|Any CPU.ActiveCfg = Release|Any CPU
		{92CA7694-EAA1-467C-A9AC-E5EE05D06E33}.Release|Any CPU.Build.0 = Release|Any CPU
	EndGlobalSection
	GlobalSection(SolutionProperties) = preSolution
		HideSolutionNode = FALSE
	EndGlobalSection
	GlobalSection(ExtensibilityGlobals) = postSolution
		SolutionGuid = {9BB3A864-5290-46F4-9434-BEB3340F1723}
	EndGlobalSection
EndGlobal
